
Microsoft Visual Studio Solution File, Format Version 12.00
# Visual Studio Version 17
VisualStudioVersion = 17.0.32014.148
MinimumVisualStudioVersion = 10.0.40219.1
Project("{9A19103F-16F7-4668-BE54-9A1E7A4F7556}") = "StorageQueueDemo", "StorageQueueDemo.csproj", "{17E5F949-FDB2-4270-8F29-C884145309C0}"
EndProject
Global
	GlobalSection(SolutionConfigurationPlatforms) = preSolution
		Debug|Any CPU = Debug|Any CPU
		Release|Any CPU = Release|Any CPU
	EndGlobalSection
	GlobalSection(ProjectConfigurationPlatforms) = postSolution
		{17E5F949-FDB2-4270-8F29-C884145309C0}.Debug|Any CPU.ActiveCfg = Debug|Any CPU
		{17E5F949-FDB2-4270-8F29-C884145309C0}.Debug|Any CPU.Build.0 = Debug|Any CPU
		{17E5F949-FDB2-4270-8F29-C884145309C0}.Release|Any CPU.ActiveCfg = Release|Any CPU
		{17E5F949-FDB2-4270-8F29-C884145309C0}.Release|Any CPU.Build.0 = Release|Any CPU
	EndGlobalSection
	GlobalSection(SolutionProperties) = preSolution
		HideSolutionNode = FALSE
	EndGlobalSection
	GlobalSection(ExtensibilityGlobals) = postSolution
		SolutionGuid = {23817144-5424-49A1-B883-87868BBE3538}
	EndGlobalSection
EndGlobal
