
Microsoft Visual Studio Solution File, Format Version 12.00
# Visual Studio Version 17
VisualStudioVersion = 17.0.32112.339
MinimumVisualStudioVersion = 10.0.40219.1
Project("{FAE04EC0-301F-11D3-BF4B-00C04F79EFBC}") = "azure-graph-sample", "azure-graph-sample.csproj", "{739C39FA-DB5E-4BB7-8C96-C06CCEB26EE5}"
EndProject
Global
	GlobalSection(SolutionConfigurationPlatforms) = preSolution
		Debug|Any CPU = Debug|Any CPU
		Release|Any CPU = Release|Any CPU
	EndGlobalSection
	GlobalSection(ProjectConfigurationPlatforms) = postSolution
		{739C39FA-DB5E-4BB7-8C96-C06CCEB26EE5}.Debug|Any CPU.ActiveCfg = Debug|Any CPU
		{739C39FA-DB5E-4BB7-8C96-C06CCEB26EE5}.Debug|Any CPU.Build.0 = Debug|Any CPU
		{739C39FA-DB5E-4BB7-8C96-C06CCEB26EE5}.Release|Any CPU.ActiveCfg = Release|Any CPU
		{739C39FA-DB5E-4BB7-8C96-C06CCEB26EE5}.Release|Any CPU.Build.0 = Release|Any CPU
	EndGlobalSection
	GlobalSection(SolutionProperties) = preSolution
		HideSolutionNode = FALSE
	EndGlobalSection
	GlobalSection(ExtensibilityGlobals) = postSolution
		SolutionGuid = {B5A0D8A6-219C-4FA0-9916-C8E131072136}
	EndGlobalSection
EndGlobal
